
Microsoft Visual Studio Solution File, Format Version 12.00
# Visual Studio Version 17
VisualStudioVersion = 17.3.32929.385
MinimumVisualStudioVersion = 10.0.40219.1
Project("{FAE04EC0-301F-11D3-BF4B-00C04F79EFBC}") = "dotnet_rpg", "dotnet_rpg\dotnet_rpg.csproj", "{15326C39-F618-43EF-8D4D-A98592E3524E}"
EndProject
Global
	GlobalSection(SolutionConfigurationPlatforms) = preSolution
		Debug|Any CPU = Debug|Any CPU
		Release|Any CPU = Release|Any CPU
	EndGlobalSection
	GlobalSection(ProjectConfigurationPlatforms) = postSolution
		{15326C39-F618-43EF-8D4D-A98592E3524E}.Debug|Any CPU.ActiveCfg = Debug|Any CPU
		{15326C39-F618-43EF-8D4D-A98592E3524E}.Debug|Any CPU.Build.0 = Debug|Any CPU
		{15326C39-F618-43EF-8D4D-A98592E3524E}.Release|Any CPU.ActiveCfg = Release|Any CPU
		{15326C39-F618-43EF-8D4D-A98592E3524E}.Release|Any CPU.Build.0 = Release|Any CPU
	EndGlobalSection
	GlobalSection(SolutionProperties) = preSolution
		HideSolutionNode = FALSE
	EndGlobalSection
	GlobalSection(ExtensibilityGlobals) = postSolution
		SolutionGuid = {CE6A4859-0F24-454D-BE02-908C24B79404}
	EndGlobalSection
EndGlobal
